PODS:
  - Appirater (2.0.4)
  - CocoaLumberjack (2.0.0-beta):
    - CocoaLumberjack/CLI
    - CocoaLumberjack/Core
    - CocoaLumberjack/Extensions
  - CocoaLumberjack/CLI (2.0.0-beta):
    - CocoaLumberjack/Core
  - CocoaLumberjack/Core (2.0.0-beta)
  - CocoaLumberjack/Extensions (2.0.0-beta):
    - CocoaLumberjack/Core
  - FXForms (1.1.6)
  - Mixpanel (2.5.3)
  - ObjectiveSugar (1.1.0)
  - QuickDialog (1.0):
    - QuickDialog/Core
  - QuickDialog/Core (1.0)
  - SVProgressHUD (1.0)

DEPENDENCIES:
  - Appirater
  - CocoaLumberjack
  - FXForms
  - Mixpanel
  - ObjectiveSugar
  - QuickDialog
  - SVProgressHUD

SPEC CHECKSUMS:
  Appirater: cbdb7f305562cfde585300bfff86da01ae559deb
  CocoaLumberjack: aadc76d7bd6c839ca84b38ed50cbf89d7cf8c693
  FXForms: 9387c60ee6f3e1c75e0f8998012acc1ce0ad8d0a
  Mixpanel: 708ec9a6ee6e741f7db107831e18b2fc2e7531f1
  ObjectiveSugar: f48793f5902c77cfc02a4ce46d2e8ecddcad4dc2
  QuickDialog: 1f1df7b87d608bcbb3919f4ec809bd7d7ae50101
  SVProgressHUD: 5034c6e22b8c2ca3e09402e48d41ed0340aa1c50

COCOAPODS: 0.33.1
