// !$*UTF8*$!
{
	archiveVersion = 1;
	classes = {
	};
	objectVersion = 46;
	objects = {

/* Begin PBXBuildFile section */
		84607FF361984988978B111D /* libPods.a in Frameworks */ = {isa = PBXBuildFile; fileRef = F165DA248F6742DAB0DF41E8 /* libPods.a */; };
		B70E61AA1468993000FABBA9 /* DiveMap.m in Sources */ = {isa = PBXBuildFile; fileRef = B70E61A81468993000FABBA9 /* DiveMap.m */; };
		B70E61AB1468993000FABBA9 /* DiveMap.xib in Resources */ = {isa = PBXBuildFile; fileRef = B70E61A91468993000FABBA9 /* DiveMap.xib */; };
		B70E61F11468A16500FABBA9 /* CoreData.framework in Frameworks */ = {isa = PBXBuildFile; fileRef = B70E61F01468A16500FABBA9 /* CoreData.framework */; };
		B7136C0914686123005CE555 /* UIKit.framework in Frameworks */ = {isa = PBXBuildFile; fileRef = B7136C0814686123005CE555 /* UIKit.framework */; };
		B7136C0B14686123005CE555 /* Foundation.framework in Frameworks */ = {isa = PBXBuildFile; fileRef = B7136C0A14686123005CE555 /* Foundation.framework */; };
		B7136C0D14686123005CE555 /* CoreGraphics.framework in Frameworks */ = {isa = PBXBuildFile; fileRef = B7136C0C14686123005CE555 /* CoreGraphics.framework */; };
		B7136C1314686123005CE555 /* InfoPlist.strings in Resources */ = {isa = PBXBuildFile; fileRef = B7136C1114686123005CE555 /* InfoPlist.strings */; };
		B7136C1514686123005CE555 /* main.m in Sources */ = {isa = PBXBuildFile; fileRef = B7136C1414686123005CE555 /* main.m */; };
		B7136C1914686123005CE555 /* TYAppDelegate.m in Sources */ = {isa = PBXBuildFile; fileRef = B7136C1814686123005CE555 /* TYAppDelegate.m */; };
		B7136C2114686123005CE555 /* SenTestingKit.framework in Frameworks */ = {isa = PBXBuildFile; fileRef = B7136C2014686123005CE555 /* SenTestingKit.framework */; };
		B7136C2214686123005CE555 /* UIKit.framework in Frameworks */ = {isa = PBXBuildFile; fileRef = B7136C0814686123005CE555 /* UIKit.framework */; };
		B7136C2314686123005CE555 /* Foundation.framework in Frameworks */ = {isa = PBXBuildFile; fileRef = B7136C0A14686123005CE555 /* Foundation.framework */; };
		B7136C2B14686123005CE555 /* InfoPlist.strings in Resources */ = {isa = PBXBuildFile; fileRef = B7136C2914686123005CE555 /* InfoPlist.strings */; };
		B7136C2E14686123005CE555 /* DiveLoggerTests.m in Sources */ = {isa = PBXBuildFile; fileRef = B7136C2D14686123005CE555 /* DiveLoggerTests.m */; };
		B7136C3A14686309005CE555 /* Home.m in Sources */ = {isa = PBXBuildFile; fileRef = B7136C3814686309005CE555 /* Home.m */; };
		B7136C3B14686309005CE555 /* Home.xib in Resources */ = {isa = PBXBuildFile; fileRef = B7136C3914686309005CE555 /* Home.xib */; };
		B7136C411468657B005CE555 /* CoreLocation.framework in Frameworks */ = {isa = PBXBuildFile; fileRef = B7136C401468657B005CE555 /* CoreLocation.framework */; };
		B71AEB65146CE30000646545 /* clock.png in Resources */ = {isa = PBXBuildFile; fileRef = B71AEB64146CE30000646545 /* clock.png */; };
		B71AEB68146CE37E00646545 /* line-chart.png in Resources */ = {isa = PBXBuildFile; fileRef = B71AEB67146CE37E00646545 /* line-chart.png */; };
		B73358D4148D5E6C003BE6CA /* Settings.m in Sources */ = {isa = PBXBuildFile; fileRef = B73358D2148D5E6C003BE6CA /* Settings.m */; };
		B73358D5148D5E6C003BE6CA /* Settings.xib in Resources */ = {isa = PBXBuildFile; fileRef = B73358D3148D5E6C003BE6CA /* Settings.xib */; };
		B737F38F1793693800FECD0D /* (null) in Frameworks */ = {isa = PBXBuildFile; };
		B737F3911793697900FECD0D /* Accounts.framework in Frameworks */ = {isa = PBXBuildFile; fileRef = B737F3901793697900FECD0D /* Accounts.framework */; settings = {ATTRIBUTES = (Weak, ); }; };
		B737F3931793697D00FECD0D /* AdSupport.framework in Frameworks */ = {isa = PBXBuildFile; fileRef = B737F3921793697D00FECD0D /* AdSupport.framework */; settings = {ATTRIBUTES = (Weak, ); }; };
		B737F3951793698700FECD0D /* libsqlite3.dylib in Frameworks */ = {isa = PBXBuildFile; fileRef = B737F3941793698700FECD0D /* libsqlite3.dylib */; settings = {ATTRIBUTES = (Weak, ); }; };
		B737F3971793698D00FECD0D /* Security.framework in Frameworks */ = {isa = PBXBuildFile; fileRef = B737F3961793698D00FECD0D /* Security.framework */; settings = {ATTRIBUTES = (Weak, ); }; };
		B737F3991793699300FECD0D /* Social.framework in Frameworks */ = {isa = PBXBuildFile; fileRef = B737F3981793699300FECD0D /* Social.framework */; settings = {ATTRIBUTES = (Weak, ); }; };
		B737F39C179369DD00FECD0D /* (null) in Resources */ = {isa = PBXBuildFile; };
		B74295BF18D40C5A007A412F /* TYThemeManager.m in Sources */ = {isa = PBXBuildFile; fileRef = B74295BE18D40C5A007A412F /* TYThemeManager.m */; };
		B74295C318D41316007A412F /* UIColor+ThemeColors.m in Sources */ = {isa = PBXBuildFile; fileRef = B74295C218D41316007A412F /* UIColor+ThemeColors.m */; };
		B74295C518D4170B007A412F /* Images.xcassets in Resources */ = {isa = PBXBuildFile; fileRef = B74295C418D4170B007A412F /* Images.xcassets */; };
		B749E08E149BF5B0004186A9 /* settings-icon.png in Resources */ = {isa = PBXBuildFile; fileRef = B749E08B149BF5B0004186A9 /* settings-icon.png */; };
		B749E08F149BF5B0004186A9 /* settings-icon@2x.png in Resources */ = {isa = PBXBuildFile; fileRef = B749E08C149BF5B0004186A9 /* settings-icon@2x.png */; };
		B749E094149BF5C9004186A9 /* profile-icon.png in Resources */ = {isa = PBXBuildFile; fileRef = B749E091149BF5C9004186A9 /* profile-icon.png */; };
		B749E095149BF5C9004186A9 /* profile-icon@2x.png in Resources */ = {isa = PBXBuildFile; fileRef = B749E092149BF5C9004186A9 /* profile-icon@2x.png */; };
		B749E09A149BF5F9004186A9 /* home-icon.png in Resources */ = {isa = PBXBuildFile; fileRef = B749E097149BF5F9004186A9 /* home-icon.png */; };
		B749E09B149BF5F9004186A9 /* home-icon@2x.png in Resources */ = {isa = PBXBuildFile; fileRef = B749E098149BF5F9004186A9 /* home-icon@2x.png */; };
		B749E09F149BFC94004186A9 /* map-marker.png in Resources */ = {isa = PBXBuildFile; fileRef = B749E09D149BFC93004186A9 /* map-marker.png */; };
		B749E0A0149BFC94004186A9 /* map-marker@2x.png in Resources */ = {isa = PBXBuildFile; fileRef = B749E09E149BFC93004186A9 /* map-marker@2x.png */; };
		B79DA3A4146C26960078179C /* HomeCell.xib in Resources */ = {isa = PBXBuildFile; fileRef = B79DA3A3146C26960078179C /* HomeCell.xib */; };
		B79DA3A7146C28710078179C /* HomeCell.m in Sources */ = {isa = PBXBuildFile; fileRef = B79DA3A6146C28710078179C /* HomeCell.m */; };
		B79DA3C3146C68E20078179C /* Profile.m in Sources */ = {isa = PBXBuildFile; fileRef = B79DA3C1146C68E10078179C /* Profile.m */; };
		B79DA3C4146C68E20078179C /* Profile.xib in Resources */ = {isa = PBXBuildFile; fileRef = B79DA3C2146C68E10078179C /* Profile.xib */; };
		B79DA3CE146CAE3E0078179C /* ProfileCell.xib in Resources */ = {isa = PBXBuildFile; fileRef = B79DA3CD146CAE3E0078179C /* ProfileCell.xib */; };
		B79DA3D1146CAE5B0078179C /* ProfileCell.m in Sources */ = {isa = PBXBuildFile; fileRef = B79DA3D0146CAE5B0078179C /* ProfileCell.m */; };
		B7D1666B1469AF0C00280846 /* TYGenericUtils.m in Sources */ = {isa = PBXBuildFile; fileRef = B7D1666A1469AF0C00280846 /* TYGenericUtils.m */; };
		B7E49E4418DEABB800C6E8C5 /* libPods.a in Frameworks */ = {isa = PBXBuildFile; fileRef = B7E49E4318DEABB800C6E8C5 /* libPods.a */; };
		B7F9628119D3327B00B33E54 /* _Dive.m in Sources */ = {isa = PBXBuildFile; fileRef = B7F9627A19D3327B00B33E54 /* _Dive.m */; };
		B7F9628219D3327B00B33E54 /* _Dive.m in Sources */ = {isa = PBXBuildFile; fileRef = B7F9627A19D3327B00B33E54 /* _Dive.m */; };
		B7F9628319D3327B00B33E54 /* _Tank.m in Sources */ = {isa = PBXBuildFile; fileRef = B7F9627C19D3327B00B33E54 /* _Tank.m */; };
		B7F9628419D3327B00B33E54 /* _Tank.m in Sources */ = {isa = PBXBuildFile; fileRef = B7F9627C19D3327B00B33E54 /* _Tank.m */; };
		B7F9628519D3327B00B33E54 /* Dive.m in Sources */ = {isa = PBXBuildFile; fileRef = B7F9627E19D3327B00B33E54 /* Dive.m */; };
		B7F9628619D3327B00B33E54 /* Dive.m in Sources */ = {isa = PBXBuildFile; fileRef = B7F9627E19D3327B00B33E54 /* Dive.m */; };
		B7F9628719D3327B00B33E54 /* Tank.m in Sources */ = {isa = PBXBuildFile; fileRef = B7F9628019D3327B00B33E54 /* Tank.m */; };
		B7F9628819D3327B00B33E54 /* Tank.m in Sources */ = {isa = PBXBuildFile; fileRef = B7F9628019D3327B00B33E54 /* Tank.m */; };
		B7FFF2D3146B0365000CC125 /* DiveAnnotation.m in Sources */ = {isa = PBXBuildFile; fileRef = B7FFF2D2146B0365000CC125 /* DiveAnnotation.m */; };
		B7FFF2D5146B04E5000CC125 /* MapKit.framework in Frameworks */ = {isa = PBXBuildFile; fileRef = B7FFF2D4146B04E5000CC125 /* MapKit.framework */; };
		B7FFF2D9146B0973000CC125 /* DiveLocationPicker.m in Sources */ = {isa = PBXBuildFile; fileRef = B7FFF2D7146B0973000CC125 /* DiveLocationPicker.m */; };
		B7FFF2DA146B0973000CC125 /* DiveLocationPicker.xib in Resources */ = {isa = PBXBuildFile; fileRef = B7FFF2D8146B0973000CC125 /* DiveLocationPicker.xib */; };
		B7FFF2DD146B1438000CC125 /* Constants.m in Sources */ = {isa = PBXBuildFile; fileRef = B7FFF2DC146B1438000CC125 /* Constants.m */; };
/* End PBXBuildFile section */

/* Begin PBXContainerItemProxy section */
		B7136C2414686123005CE555 /* PBXContainerItemProxy */ = {
			isa = PBXContainerItemProxy;
			containerPortal = B7136BFB14686122005CE555 /* Project object */;
			proxyType = 1;
			remoteGlobalIDString = B7136C0314686123005CE555;
			remoteInfo = DiveLogger;
		};
/* End PBXContainerItemProxy section */

/* Begin PBXFileReference section */
		65A35A4EAFF145978466961E /* Pods.xcconfig */ = {isa = PBXFileReference; includeInIndex = 1; lastKnownFileType = text.xcconfig; name = Pods.xcconfig; path = Pods/Pods.xcconfig; sourceTree = "<group>"; };
		B70E61A71468992F00FABBA9 /* DiveMap.h */ = {isa = PBXFileReference; fileEncoding = 4; lastKnownFileType = sourcecode.c.h; path = DiveMap.h; sourceTree = "<group>"; };
		B70E61A81468993000FABBA9 /* DiveMap.m */ = {isa = PBXFileReference; fileEncoding = 4; lastKnownFileType = sourcecode.c.objc; path = DiveMap.m; sourceTree = "<group>"; };
		B70E61A91468993000FABBA9 /* DiveMap.xib */ = {isa = PBXFileReference; fileEncoding = 4; lastKnownFileType = file.xib; path = DiveMap.xib; sourceTree = "<group>"; };
		B70E61F01468A16500FABBA9 /* CoreData.framework */ = {isa = PBXFileReference; lastKnownFileType = wrapper.framework; name = CoreData.framework; path = System/Library/Frameworks/CoreData.framework; sourceTree = SDKROOT; };
		B7136C0414686123005CE555 /* DiveLoggr.app */ = {isa = PBXFileReference; explicitFileType = wrapper.application; includeInIndex = 0; path = DiveLoggr.app; sourceTree = BUILT_PRODUCTS_DIR; };
		B7136C0814686123005CE555 /* UIKit.framework */ = {isa = PBXFileReference; lastKnownFileType = wrapper.framework; name = UIKit.framework; path = System/Library/Frameworks/UIKit.framework; sourceTree = SDKROOT; };
		B7136C0A14686123005CE555 /* Foundation.framework */ = {isa = PBXFileReference; lastKnownFileType = wrapper.framework; name = Foundation.framework; path = System/Library/Frameworks/Foundation.framework; sourceTree = SDKROOT; };
		B7136C0C14686123005CE555 /* CoreGraphics.framework */ = {isa = PBXFileReference; lastKnownFileType = wrapper.framework; name = CoreGraphics.framework; path = System/Library/Frameworks/CoreGraphics.framework; sourceTree = SDKROOT; };
		B7136C1014686123005CE555 /* DiveLogger-Info.plist */ = {isa = PBXFileReference; lastKnownFileType = text.plist.xml; path = "DiveLogger-Info.plist"; sourceTree = "<group>"; };
		B7136C1214686123005CE555 /* en */ = {isa = PBXFileReference; lastKnownFileType = text.plist.strings; name = en; path = en.lproj/InfoPlist.strings; sourceTree = "<group>"; };
		B7136C1414686123005CE555 /* main.m */ = {isa = PBXFileReference; lastKnownFileType = sourcecode.c.objc; path = main.m; sourceTree = "<group>"; };
		B7136C1614686123005CE555 /* DiveLogger-Prefix.pch */ = {isa = PBXFileReference; lastKnownFileType = sourcecode.c.h; path = "DiveLogger-Prefix.pch"; sourceTree = "<group>"; };
		B7136C1714686123005CE555 /* TYAppDelegate.h */ = {isa = PBXFileReference; lastKnownFileType = sourcecode.c.h; path = TYAppDelegate.h; sourceTree = "<group>"; };
		B7136C1814686123005CE555 /* TYAppDelegate.m */ = {isa = PBXFileReference; lastKnownFileType = sourcecode.c.objc; path = TYAppDelegate.m; sourceTree = "<group>"; };
		B7136C1F14686123005CE555 /* DiveLoggerTests.octest */ = {isa = PBXFileReference; explicitFileType = wrapper.cfbundle; includeInIndex = 0; path = DiveLoggerTests.octest; sourceTree = BUILT_PRODUCTS_DIR; };
		B7136C2014686123005CE555 /* SenTestingKit.framework */ = {isa = PBXFileReference; lastKnownFileType = wrapper.framework; name = SenTestingKit.framework; path = Library/Frameworks/SenTestingKit.framework; sourceTree = DEVELOPER_DIR; };
		B7136C2814686123005CE555 /* DiveLoggerTests-Info.plist */ = {isa = PBXFileReference; lastKnownFileType = text.plist.xml; path = "DiveLoggerTests-Info.plist"; sourceTree = "<group>"; };
		B7136C2A14686123005CE555 /* en */ = {isa = PBXFileReference; lastKnownFileType = text.plist.strings; name = en; path = en.lproj/InfoPlist.strings; sourceTree = "<group>"; };
		B7136C2C14686123005CE555 /* DiveLoggerTests.h */ = {isa = PBXFileReference; lastKnownFileType = sourcecode.c.h; path = DiveLoggerTests.h; sourceTree = "<group>"; };
		B7136C2D14686123005CE555 /* DiveLoggerTests.m */ = {isa = PBXFileReference; lastKnownFileType = sourcecode.c.objc; path = DiveLoggerTests.m; sourceTree = "<group>"; };
		B7136C3714686309005CE555 /* Home.h */ = {isa = PBXFileReference; fileEncoding = 4; lastKnownFileType = sourcecode.c.h; path = Home.h; sourceTree = "<group>"; };
		B7136C3814686309005CE555 /* Home.m */ = {isa = PBXFileReference; fileEncoding = 4; lastKnownFileType = sourcecode.c.objc; path = Home.m; sourceTree = "<group>"; };
		B7136C3914686309005CE555 /* Home.xib */ = {isa = PBXFileReference; fileEncoding = 4; lastKnownFileType = file.xib; path = Home.xib; sourceTree = "<group>"; };
		B7136C401468657B005CE555 /* CoreLocation.framework */ = {isa = PBXFileReference; lastKnownFileType = wrapper.framework; name = CoreLocation.framework; path = System/Library/Frameworks/CoreLocation.framework; sourceTree = SDKROOT; };
		B71AEB64146CE30000646545 /* clock.png */ = {isa = PBXFileReference; lastKnownFileType = image.png; path = clock.png; sourceTree = "<group>"; };
		B71AEB67146CE37E00646545 /* line-chart.png */ = {isa = PBXFileReference; lastKnownFileType = image.png; path = "line-chart.png"; sourceTree = "<group>"; };
		B73358D1148D5E6C003BE6CA /* Settings.h */ = {isa = PBXFileReference; fileEncoding = 4; lastKnownFileType = sourcecode.c.h; path = Settings.h; sourceTree = "<group>"; };
		B73358D2148D5E6C003BE6CA /* Settings.m */ = {isa = PBXFileReference; fileEncoding = 4; lastKnownFileType = sourcecode.c.objc; path = Settings.m; sourceTree = "<group>"; };
		B73358D3148D5E6C003BE6CA /* Settings.xib */ = {isa = PBXFileReference; fileEncoding = 4; lastKnownFileType = file.xib; path = Settings.xib; sourceTree = "<group>"; };
		B737F3901793697900FECD0D /* Accounts.framework */ = {isa = PBXFileReference; lastKnownFileType = wrapper.framework; name = Accounts.framework; path = System/Library/Frameworks/Accounts.framework; sourceTree = SDKROOT; };
		B737F3921793697D00FECD0D /* AdSupport.framework */ = {isa = PBXFileReference; lastKnownFileType = wrapper.framework; name = AdSupport.framework; path = System/Library/Frameworks/AdSupport.framework; sourceTree = SDKROOT; };
		B737F3941793698700FECD0D /* libsqlite3.dylib */ = {isa = PBXFileReference; lastKnownFileType = "compiled.mach-o.dylib"; name = libsqlite3.dylib; path = usr/lib/libsqlite3.dylib; sourceTree = SDKROOT; };
		B737F3961793698D00FECD0D /* Security.framework */ = {isa = PBXFileReference; lastKnownFileType = wrapper.framework; name = Security.framework; path = System/Library/Frameworks/Security.framework; sourceTree = SDKROOT; };
		B737F3981793699300FECD0D /* Social.framework */ = {isa = PBXFileReference; lastKnownFileType = wrapper.framework; name = Social.framework; path = System/Library/Frameworks/Social.framework; sourceTree = SDKROOT; };
		B74295BD18D40C5A007A412F /* TYThemeManager.h */ = {isa = PBXFileReference; fileEncoding = 4; lastKnownFileType = sourcecode.c.h; path = TYThemeManager.h; sourceTree = "<group>"; };
		B74295BE18D40C5A007A412F /* TYThemeManager.m */ = {isa = PBXFileReference; fileEncoding = 4; lastKnownFileType = sourcecode.c.objc; path = TYThemeManager.m; sourceTree = "<group>"; };
		B74295C118D41316007A412F /* UIColor+ThemeColors.h */ = {isa = PBXFileReference; fileEncoding = 4; lastKnownFileType = sourcecode.c.h; path = "UIColor+ThemeColors.h"; sourceTree = "<group>"; };
		B74295C218D41316007A412F /* UIColor+ThemeColors.m */ = {isa = PBXFileReference; fileEncoding = 4; lastKnownFileType = sourcecode.c.objc; path = "UIColor+ThemeColors.m"; sourceTree = "<group>"; };
		B74295C418D4170B007A412F /* Images.xcassets */ = {isa = PBXFileReference; lastKnownFileType = folder.assetcatalog; name = Images.xcassets; path = DiveLoggr/Images.xcassets; sourceTree = "<group>"; };
		B749E08B149BF5B0004186A9 /* settings-icon.png */ = {isa = PBXFileReference; lastKnownFileType = image.png; path = "settings-icon.png"; sourceTree = "<group>"; };
		B749E08C149BF5B0004186A9 /* settings-icon@2x.png */ = {isa = PBXFileReference; lastKnownFileType = image.png; path = "settings-icon@2x.png"; sourceTree = "<group>"; };
		B749E091149BF5C9004186A9 /* profile-icon.png */ = {isa = PBXFileReference; lastKnownFileType = image.png; path = "profile-icon.png"; sourceTree = "<group>"; };
		B749E092149BF5C9004186A9 /* profile-icon@2x.png */ = {isa = PBXFileReference; lastKnownFileType = image.png; path = "profile-icon@2x.png"; sourceTree = "<group>"; };
		B749E097149BF5F9004186A9 /* home-icon.png */ = {isa = PBXFileReference; lastKnownFileType = image.png; path = "home-icon.png"; sourceTree = "<group>"; };
		B749E098149BF5F9004186A9 /* home-icon@2x.png */ = {isa = PBXFileReference; lastKnownFileType = image.png; path = "home-icon@2x.png"; sourceTree = "<group>"; };
		B749E09D149BFC93004186A9 /* map-marker.png */ = {isa = PBXFileReference; lastKnownFileType = image.png; path = "map-marker.png"; sourceTree = "<group>"; };
		B749E09E149BFC93004186A9 /* map-marker@2x.png */ = {isa = PBXFileReference; lastKnownFileType = image.png; path = "map-marker@2x.png"; sourceTree = "<group>"; };
		B79DA3A3146C26960078179C /* HomeCell.xib */ = {isa = PBXFileReference; fileEncoding = 4; lastKnownFileType = file.xib; path = HomeCell.xib; sourceTree = "<group>"; };
		B79DA3A5146C28710078179C /* HomeCell.h */ = {isa = PBXFileReference; fileEncoding = 4; lastKnownFileType = sourcecode.c.h; path = HomeCell.h; sourceTree = "<group>"; };
		B79DA3A6146C28710078179C /* HomeCell.m */ = {isa = PBXFileReference; fileEncoding = 4; lastKnownFileType = sourcecode.c.objc; path = HomeCell.m; sourceTree = "<group>"; };
		B79DA3C0146C68E00078179C /* Profile.h */ = {isa = PBXFileReference; fileEncoding = 4; lastKnownFileType = sourcecode.c.h; path = Profile.h; sourceTree = "<group>"; };
		B79DA3C1146C68E10078179C /* Profile.m */ = {isa = PBXFileReference; fileEncoding = 4; lastKnownFileType = sourcecode.c.objc; path = Profile.m; sourceTree = "<group>"; };
		B79DA3C2146C68E10078179C /* Profile.xib */ = {isa = PBXFileReference; fileEncoding = 4; lastKnownFileType = file.xib; path = Profile.xib; sourceTree = "<group>"; };
		B79DA3CD146CAE3E0078179C /* ProfileCell.xib */ = {isa = PBXFileReference; fileEncoding = 4; lastKnownFileType = file.xib; path = ProfileCell.xib; sourceTree = "<group>"; };
		B79DA3CF146CAE5B0078179C /* ProfileCell.h */ = {isa = PBXFileReference; fileEncoding = 4; lastKnownFileType = sourcecode.c.h; path = ProfileCell.h; sourceTree = "<group>"; };
		B79DA3D0146CAE5B0078179C /* ProfileCell.m */ = {isa = PBXFileReference; fileEncoding = 4; lastKnownFileType = sourcecode.c.objc; path = ProfileCell.m; sourceTree = "<group>"; };
		B7D166691469AF0C00280846 /* TYGenericUtils.h */ = {isa = PBXFileReference; fileEncoding = 4; lastKnownFileType = sourcecode.c.h; path = TYGenericUtils.h; sourceTree = "<group>"; };
		B7D1666A1469AF0C00280846 /* TYGenericUtils.m */ = {isa = PBXFileReference; fileEncoding = 4; lastKnownFileType = sourcecode.c.objc; path = TYGenericUtils.m; sourceTree = "<group>"; };
		B7E49E4318DEABB800C6E8C5 /* libPods.a */ = {isa = PBXFileReference; lastKnownFileType = archive.ar; name = libPods.a; path = "Pods/build/Debug-iphoneos/libPods.a"; sourceTree = "<group>"; };
		B7F9627919D3327B00B33E54 /* _Dive.h */ = {isa = PBXFileReference; fileEncoding = 4; lastKnownFileType = sourcecode.c.h; name = _Dive.h; path = Models/_Dive.h; sourceTree = "<group>"; };
		B7F9627A19D3327B00B33E54 /* _Dive.m */ = {isa = PBXFileReference; fileEncoding = 4; lastKnownFileType = sourcecode.c.objc; name = _Dive.m; path = Models/_Dive.m; sourceTree = "<group>"; };
		B7F9627B19D3327B00B33E54 /* _Tank.h */ = {isa = PBXFileReference; fileEncoding = 4; lastKnownFileType = sourcecode.c.h; name = _Tank.h; path = Models/_Tank.h; sourceTree = "<group>"; };
		B7F9627C19D3327B00B33E54 /* _Tank.m */ = {isa = PBXFileReference; fileEncoding = 4; lastKnownFileType = sourcecode.c.objc; name = _Tank.m; path = Models/_Tank.m; sourceTree = "<group>"; };
		B7F9627D19D3327B00B33E54 /* Dive.h */ = {isa = PBXFileReference; fileEncoding = 4; lastKnownFileType = sourcecode.c.h; name = Dive.h; path = Models/Dive.h; sourceTree = "<group>"; };
		B7F9627E19D3327B00B33E54 /* Dive.m */ = {isa = PBXFileReference; fileEncoding = 4; lastKnownFileType = sourcecode.c.objc; name = Dive.m; path = Models/Dive.m; sourceTree = "<group>"; };
		B7F9627F19D3327B00B33E54 /* Tank.h */ = {isa = PBXFileReference; fileEncoding = 4; lastKnownFileType = sourcecode.c.h; name = Tank.h; path = Models/Tank.h; sourceTree = "<group>"; };
		B7F9628019D3327B00B33E54 /* Tank.m */ = {isa = PBXFileReference; fileEncoding = 4; lastKnownFileType = sourcecode.c.objc; name = Tank.m; path = Models/Tank.m; sourceTree = "<group>"; };
		B7FFF2D1146B0365000CC125 /* DiveAnnotation.h */ = {isa = PBXFileReference; fileEncoding = 4; lastKnownFileType = sourcecode.c.h; path = DiveAnnotation.h; sourceTree = "<group>"; };
		B7FFF2D2146B0365000CC125 /* DiveAnnotation.m */ = {isa = PBXFileReference; fileEncoding = 4; lastKnownFileType = sourcecode.c.objc; path = DiveAnnotation.m; sourceTree = "<group>"; };
		B7FFF2D4146B04E5000CC125 /* MapKit.framework */ = {isa = PBXFileReference; lastKnownFileType = wrapper.framework; name = MapKit.framework; path = System/Library/Frameworks/MapKit.framework; sourceTree = SDKROOT; };
		B7FFF2D6146B0973000CC125 /* DiveLocationPicker.h */ = {isa = PBXFileReference; fileEncoding = 4; lastKnownFileType = sourcecode.c.h; path = DiveLocationPicker.h; sourceTree = "<group>"; };
		B7FFF2D7146B0973000CC125 /* DiveLocationPicker.m */ = {isa = PBXFileReference; fileEncoding = 4; lastKnownFileType = sourcecode.c.objc; path = DiveLocationPicker.m; sourceTree = "<group>"; };
		B7FFF2D8146B0973000CC125 /* DiveLocationPicker.xib */ = {isa = PBXFileReference; fileEncoding = 4; lastKnownFileType = file.xib; path = DiveLocationPicker.xib; sourceTree = "<group>"; };
		B7FFF2DB146B1438000CC125 /* Constants.h */ = {isa = PBXFileReference; fileEncoding = 4; lastKnownFileType = sourcecode.c.h; path = Constants.h; sourceTree = "<group>"; };
		B7FFF2DC146B1438000CC125 /* Constants.m */ = {isa = PBXFileReference; fileEncoding = 4; lastKnownFileType = sourcecode.c.objc; path = Constants.m; sourceTree = "<group>"; };
		F165DA248F6742DAB0DF41E8 /* libPods.a */ = {isa = PBXFileReference; explicitFileType = archive.ar; includeInIndex = 0; path = libPods.a; sourceTree = BUILT_PRODUCTS_DIR; };
/* End PBXFileReference section */

/* Begin PBXFrameworksBuildPhase section */
		B7136C0114686123005CE555 /* Frameworks */ = {
			isa = PBXFrameworksBuildPhase;
			buildActionMask = 2147483647;
			files = (
				B737F3991793699300FECD0D /* Social.framework in Frameworks */,
				B737F3971793698D00FECD0D /* Security.framework in Frameworks */,
				B737F3951793698700FECD0D /* libsqlite3.dylib in Frameworks */,
				B737F3931793697D00FECD0D /* AdSupport.framework in Frameworks */,
				B737F3911793697900FECD0D /* Accounts.framework in Frameworks */,
				B7FFF2D5146B04E5000CC125 /* MapKit.framework in Frameworks */,
				B70E61F11468A16500FABBA9 /* CoreData.framework in Frameworks */,
				B7136C411468657B005CE555 /* CoreLocation.framework in Frameworks */,
				B7136C0914686123005CE555 /* UIKit.framework in Frameworks */,
				B7136C0B14686123005CE555 /* Foundation.framework in Frameworks */,
				B7136C0D14686123005CE555 /* CoreGraphics.framework in Frameworks */,
				84607FF361984988978B111D /* libPods.a in Frameworks */,
			);
			runOnlyForDeploymentPostprocessing = 0;
		};
		B7136C1B14686123005CE555 /* Frameworks */ = {
			isa = PBXFrameworksBuildPhase;
			buildActionMask = 2147483647;
			files = (
				B7E49E4418DEABB800C6E8C5 /* libPods.a in Frameworks */,
				B7136C2114686123005CE555 /* SenTestingKit.framework in Frameworks */,
				B7136C2214686123005CE555 /* UIKit.framework in Frameworks */,
				B7136C2314686123005CE555 /* Foundation.framework in Frameworks */,
				B737F38F1793693800FECD0D /* (null) in Frameworks */,
			);
			runOnlyForDeploymentPostprocessing = 0;
		};
/* End PBXFrameworksBuildPhase section */

/* Begin PBXGroup section */
		B70E61A41468977400FABBA9 /* Images */ = {
			isa = PBXGroup;
			children = (
				B749E08B149BF5B0004186A9 /* settings-icon.png */,
				B749E08C149BF5B0004186A9 /* settings-icon@2x.png */,
				B749E097149BF5F9004186A9 /* home-icon.png */,
				B749E098149BF5F9004186A9 /* home-icon@2x.png */,
				B749E091149BF5C9004186A9 /* profile-icon.png */,
				B749E092149BF5C9004186A9 /* profile-icon@2x.png */,
				B749E09D149BFC93004186A9 /* map-marker.png */,
				B749E09E149BFC93004186A9 /* map-marker@2x.png */,
				B71AEB67146CE37E00646545 /* line-chart.png */,
				B71AEB64146CE30000646545 /* clock.png */,
			);
			name = Images;
			sourceTree = "<group>";
		};
		B7136BF914686122005CE555 = {
			isa = PBXGroup;
			children = (
				B74295C418D4170B007A412F /* Images.xcassets */,
				B7136C0E14686123005CE555 /* DiveLogger */,
				B7136C2614686123005CE555 /* DiveLoggerTests */,
				B7136C0714686123005CE555 /* Frameworks */,
				B7136C0514686123005CE555 /* Products */,
				65A35A4EAFF145978466961E /* Pods.xcconfig */,
			);
			sourceTree = "<group>";
		};
		B7136C0514686123005CE555 /* Products */ = {
			isa = PBXGroup;
			children = (
				B7136C0414686123005CE555 /* DiveLoggr.app */,
				B7136C1F14686123005CE555 /* DiveLoggerTests.octest */,
			);
			name = Products;
			sourceTree = "<group>";
		};
		B7136C0714686123005CE555 /* Frameworks */ = {
			isa = PBXGroup;
			children = (
				B7E49E4318DEABB800C6E8C5 /* libPods.a */,
				B737F3981793699300FECD0D /* Social.framework */,
				B737F3961793698D00FECD0D /* Security.framework */,
				B737F3941793698700FECD0D /* libsqlite3.dylib */,
				B737F3921793697D00FECD0D /* AdSupport.framework */,
				B737F3901793697900FECD0D /* Accounts.framework */,
				B7FFF2D4146B04E5000CC125 /* MapKit.framework */,
				B70E61F01468A16500FABBA9 /* CoreData.framework */,
				B7136C401468657B005CE555 /* CoreLocation.framework */,
				B7136C0814686123005CE555 /* UIKit.framework */,
				B7136C0A14686123005CE555 /* Foundation.framework */,
				B7136C0C14686123005CE555 /* CoreGraphics.framework */,
				B7136C2014686123005CE555 /* SenTestingKit.framework */,
				F165DA248F6742DAB0DF41E8 /* libPods.a */,
			);
			name = Frameworks;
			sourceTree = "<group>";
		};
		B7136C0E14686123005CE555 /* DiveLogger */ = {
			isa = PBXGroup;
			children = (
				B74295BB18D407EE007A412F /* Libraries */,
				B70E61A41468977400FABBA9 /* Images */,
				B7136C3C1468650D005CE555 /* Models */,
				B737F39D1793723700FECD0D /* Views + Controllers */,
				B7136C1714686123005CE555 /* TYAppDelegate.h */,
				B7136C1814686123005CE555 /* TYAppDelegate.m */,
				B7136C0F14686123005CE555 /* Supporting Files */,
			);
			path = DiveLogger;
			sourceTree = "<group>";
		};
		B7136C0F14686123005CE555 /* Supporting Files */ = {
			isa = PBXGroup;
			children = (
				B7136C1014686123005CE555 /* DiveLogger-Info.plist */,
				B7136C1114686123005CE555 /* InfoPlist.strings */,
				B7136C1414686123005CE555 /* main.m */,
				B7136C1614686123005CE555 /* DiveLogger-Prefix.pch */,
			);
			name = "Supporting Files";
			sourceTree = "<group>";
		};
		B7136C2614686123005CE555 /* DiveLoggerTests */ = {
			isa = PBXGroup;
			children = (
				B7136C2C14686123005CE555 /* DiveLoggerTests.h */,
				B7136C2D14686123005CE555 /* DiveLoggerTests.m */,
				B7136C2714686123005CE555 /* Supporting Files */,
			);
			path = DiveLoggerTests;
			sourceTree = "<group>";
		};
		B7136C2714686123005CE555 /* Supporting Files */ = {
			isa = PBXGroup;
			children = (
				B7136C2814686123005CE555 /* DiveLoggerTests-Info.plist */,
				B7136C2914686123005CE555 /* InfoPlist.strings */,
			);
			name = "Supporting Files";
			sourceTree = "<group>";
		};
		B7136C3C1468650D005CE555 /* Models */ = {
			isa = PBXGroup;
			children = (
				B7F9627919D3327B00B33E54 /* _Dive.h */,
				B7F9627A19D3327B00B33E54 /* _Dive.m */,
				B7F9627B19D3327B00B33E54 /* _Tank.h */,
				B7F9627C19D3327B00B33E54 /* _Tank.m */,
				B7F9627D19D3327B00B33E54 /* Dive.h */,
				B7F9627E19D3327B00B33E54 /* Dive.m */,
				B7F9627F19D3327B00B33E54 /* Tank.h */,
				B7F9628019D3327B00B33E54 /* Tank.m */,
			);
			name = Models;
			sourceTree = "<group>";
		};
		B737F39D1793723700FECD0D /* Views + Controllers */ = {
			isa = PBXGroup;
			children = (
				B79DA3A2146C26780078179C /* CustomUITableViewCell */,
				B7136C3714686309005CE555 /* Home.h */,
				B7136C3814686309005CE555 /* Home.m */,
				B7136C3914686309005CE555 /* Home.xib */,
				B70E61A71468992F00FABBA9 /* DiveMap.h */,
				B70E61A81468993000FABBA9 /* DiveMap.m */,
				B70E61A91468993000FABBA9 /* DiveMap.xib */,
				B7FFF2D1146B0365000CC125 /* DiveAnnotation.h */,
				B7FFF2D2146B0365000CC125 /* DiveAnnotation.m */,
				B7FFF2D6146B0973000CC125 /* DiveLocationPicker.h */,
				B7FFF2D7146B0973000CC125 /* DiveLocationPicker.m */,
				B7FFF2D8146B0973000CC125 /* DiveLocationPicker.xib */,
				B79DA3C0146C68E00078179C /* Profile.h */,
				B79DA3C1146C68E10078179C /* Profile.m */,
				B79DA3C2146C68E10078179C /* Profile.xib */,
				B73358D1148D5E6C003BE6CA /* Settings.h */,
				B73358D2148D5E6C003BE6CA /* Settings.m */,
				B73358D3148D5E6C003BE6CA /* Settings.xib */,
			);
			name = "Views + Controllers";
			sourceTree = "<group>";
		};
		B74295BB18D407EE007A412F /* Libraries */ = {
			isa = PBXGroup;
			children = (
				B74295C018D411F1007A412F /* Categories */,
				B74295BC18D40C46007A412F /* TYThemeManager */,
				B7D166671469AEFC00280846 /* Utils */,
			);
			name = Libraries;
			sourceTree = "<group>";
		};
		B74295BC18D40C46007A412F /* TYThemeManager */ = {
			isa = PBXGroup;
			children = (
				B74295BD18D40C5A007A412F /* TYThemeManager.h */,
				B74295BE18D40C5A007A412F /* TYThemeManager.m */,
			);
			name = TYThemeManager;
			sourceTree = "<group>";
		};
		B74295C018D411F1007A412F /* Categories */ = {
			isa = PBXGroup;
			children = (
				B74295C118D41316007A412F /* UIColor+ThemeColors.h */,
				B74295C218D41316007A412F /* UIColor+ThemeColors.m */,
			);
			name = Categories;
			sourceTree = "<group>";
		};
		B79DA3A2146C26780078179C /* CustomUITableViewCell */ = {
			isa = PBXGroup;
			children = (
				B79DA3A5146C28710078179C /* HomeCell.h */,
				B79DA3A6146C28710078179C /* HomeCell.m */,
				B79DA3A3146C26960078179C /* HomeCell.xib */,
				B79DA3CF146CAE5B0078179C /* ProfileCell.h */,
				B79DA3D0146CAE5B0078179C /* ProfileCell.m */,
				B79DA3CD146CAE3E0078179C /* ProfileCell.xib */,
			);
			name = CustomUITableViewCell;
			sourceTree = "<group>";
		};
		B7D166671469AEFC00280846 /* Utils */ = {
			isa = PBXGroup;
			children = (
				B7D166691469AF0C00280846 /* TYGenericUtils.h */,
				B7D1666A1469AF0C00280846 /* TYGenericUtils.m */,
				B7FFF2DB146B1438000CC125 /* Constants.h */,
				B7FFF2DC146B1438000CC125 /* Constants.m */,
			);
			name = Utils;
			sourceTree = "<group>";
		};
/* End PBXGroup section */

/* Begin PBXNativeTarget section */
		B7136C0314686123005CE555 /* DiveLoggr */ = {
			isa = PBXNativeTarget;
			buildConfigurationList = B7136C3114686123005CE555 /* Build configuration list for PBXNativeTarget "DiveLoggr" */;
			buildPhases = (
				938AA5CC284244E8BE53526B /* Check Pods Manifest.lock */,
				B7136C0014686123005CE555 /* Sources */,
				B7136C0114686123005CE555 /* Frameworks */,
				B7136C0214686123005CE555 /* Resources */,
				F625A0EB0FF84940953BB220 /* Copy Pods Resources */,
			);
			buildRules = (
			);
			dependencies = (
			);
			name = DiveLoggr;
			productName = DiveLogger;
			productReference = B7136C0414686123005CE555 /* DiveLoggr.app */;
			productType = "com.apple.product-type.application";
		};
		B7136C1E14686123005CE555 /* DiveLoggerTests */ = {
			isa = PBXNativeTarget;
			buildConfigurationList = B7136C3414686123005CE555 /* Build configuration list for PBXNativeTarget "DiveLoggerTests" */;
			buildPhases = (
				B7136C1A14686123005CE555 /* Sources */,
				B7136C1B14686123005CE555 /* Frameworks */,
				B7136C1C14686123005CE555 /* Resources */,
				B7136C1D14686123005CE555 /* ShellScript */,
			);
			buildRules = (
			);
			dependencies = (
				B7136C2514686123005CE555 /* PBXTargetDependency */,
			);
			name = DiveLoggerTests;
			productName = DiveLoggerTests;
			productReference = B7136C1F14686123005CE555 /* DiveLoggerTests.octest */;
			productType = "com.apple.product-type.bundle.ocunit-test";
		};
/* End PBXNativeTarget section */

/* Begin PBXProject section */
		B7136BFB14686122005CE555 /* Project object */ = {
			isa = PBXProject;
			attributes = {
				LastTestingUpgradeCheck = 0600;
				LastUpgradeCheck = 0600;
			};
			buildConfigurationList = B7136BFE14686122005CE555 /* Build configuration list for PBXProject "DiveLogger" */;
			compatibilityVersion = "Xcode 3.2";
			developmentRegion = English;
			hasScannedForEncodings = 0;
			knownRegions = (
				en,
			);
			mainGroup = B7136BF914686122005CE555;
			productRefGroup = B7136C0514686123005CE555 /* Products */;
			projectDirPath = "";
			projectRoot = "";
			targets = (
				B7136C0314686123005CE555 /* DiveLoggr */,
				B7136C1E14686123005CE555 /* DiveLoggerTests */,
			);
		};
/* End PBXProject section */

/* Begin PBXResourcesBuildPhase section */
		B7136C0214686123005CE555 /* Resources */ = {
			isa = PBXResourcesBuildPhase;
			buildActionMask = 2147483647;
			files = (
				B7136C1314686123005CE555 /* InfoPlist.strings in Resources */,
				B74295C518D4170B007A412F /* Images.xcassets in Resources */,
				B7136C3B14686309005CE555 /* Home.xib in Resources */,
				B70E61AB1468993000FABBA9 /* DiveMap.xib in Resources */,
				B7FFF2DA146B0973000CC125 /* DiveLocationPicker.xib in Resources */,
				B79DA3A4146C26960078179C /* HomeCell.xib in Resources */,
				B79DA3C4146C68E20078179C /* Profile.xib in Resources */,
				B79DA3CE146CAE3E0078179C /* ProfileCell.xib in Resources */,
				B71AEB65146CE30000646545 /* clock.png in Resources */,
				B71AEB68146CE37E00646545 /* line-chart.png in Resources */,
				B73358D5148D5E6C003BE6CA /* Settings.xib in Resources */,
				B749E08E149BF5B0004186A9 /* settings-icon.png in Resources */,
				B749E08F149BF5B0004186A9 /* settings-icon@2x.png in Resources */,
				B749E094149BF5C9004186A9 /* profile-icon.png in Resources */,
				B749E095149BF5C9004186A9 /* profile-icon@2x.png in Resources */,
				B749E09A149BF5F9004186A9 /* home-icon.png in Resources */,
				B749E09B149BF5F9004186A9 /* home-icon@2x.png in Resources */,
				B749E09F149BFC94004186A9 /* map-marker.png in Resources */,
				B749E0A0149BFC94004186A9 /* map-marker@2x.png in Resources */,
			);
			runOnlyForDeploymentPostprocessing = 0;
		};
		B7136C1C14686123005CE555 /* Resources */ = {
			isa = PBXResourcesBuildPhase;
			buildActionMask = 2147483647;
			files = (
				B7136C2B14686123005CE555 /* InfoPlist.strings in Resources */,
				B737F39C179369DD00FECD0D /* (null) in Resources */,
			);
			runOnlyForDeploymentPostprocessing = 0;
		};
/* End PBXResourcesBuildPhase section */

/* Begin PBXShellScriptBuildPhase section */
		938AA5CC284244E8BE53526B /* Check Pods Manifest.lock */ = {
			isa = PBXShellScriptBuildPhase;
			buildActionMask = 2147483647;
			files = (
			);
			inputPaths = (
			);
			name = "Check Pods Manifest.lock";
			outputPaths = (
			);
			runOnlyForDeploymentPostprocessing = 0;
			shellPath = /bin/sh;
			shellScript = "diff \"${PODS_ROOT}/../Podfile.lock\" \"${PODS_ROOT}/Manifest.lock\" > /dev/null\nif [[ $? != 0 ]] ; then\n    cat << EOM\nerror: The sandbox is not in sync with the Podfile.lock. Run 'pod install' or update your CocoaPods installation.\nEOM\n    exit 1\nfi\n";
			showEnvVarsInLog = 0;
		};
		B7136C1D14686123005CE555 /* ShellScript */ = {
			isa = PBXShellScriptBuildPhase;
			buildActionMask = 2147483647;
			files = (
			);
			inputPaths = (
			);
			outputPaths = (
			);
			runOnlyForDeploymentPostprocessing = 0;
			shellPath = /bin/sh;
			shellScript = "# Run the unit tests in this test bundle.\n\"${SYSTEM_DEVELOPER_DIR}/Tools/RunUnitTests\"\n";
		};
		F625A0EB0FF84940953BB220 /* Copy Pods Resources */ = {
			isa = PBXShellScriptBuildPhase;
			buildActionMask = 2147483647;
			files = (
			);
			inputPaths = (
			);
			name = "Copy Pods Resources";
			outputPaths = (
			);
			runOnlyForDeploymentPostprocessing = 0;
			shellPath = /bin/sh;
			shellScript = "\"${SRCROOT}/Pods/Pods-resources.sh\"\n";
			showEnvVarsInLog = 0;
		};
/* End PBXShellScriptBuildPhase section */

/* Begin PBXSourcesBuildPhase section */
		B7136C0014686123005CE555 /* Sources */ = {
			isa = PBXSourcesBuildPhase;
			buildActionMask = 2147483647;
			files = (
				B7136C1514686123005CE555 /* main.m in Sources */,
				B7136C1914686123005CE555 /* TYAppDelegate.m in Sources */,
				B7136C3A14686309005CE555 /* Home.m in Sources */,
				B70E61AA1468993000FABBA9 /* DiveMap.m in Sources */,
				B7D1666B1469AF0C00280846 /* TYGenericUtils.m in Sources */,
				B7FFF2D3146B0365000CC125 /* DiveAnnotation.m in Sources */,
				B7F9628319D3327B00B33E54 /* _Tank.m in Sources */,
				B7F9628519D3327B00B33E54 /* Dive.m in Sources */,
				B7FFF2D9146B0973000CC125 /* DiveLocationPicker.m in Sources */,
				B7FFF2DD146B1438000CC125 /* Constants.m in Sources */,
				B79DA3A7146C28710078179C /* HomeCell.m in Sources */,
				B7F9628119D3327B00B33E54 /* _Dive.m in Sources */,
				B79DA3C3146C68E20078179C /* Profile.m in Sources */,
				B74295C318D41316007A412F /* UIColor+ThemeColors.m in Sources */,
				B79DA3D1146CAE5B0078179C /* ProfileCell.m in Sources */,
				B7F9628719D3327B00B33E54 /* Tank.m in Sources */,
				B74295BF18D40C5A007A412F /* TYThemeManager.m in Sources */,
				B73358D4148D5E6C003BE6CA /* Settings.m in Sources */,
			);
			runOnlyForDeploymentPostprocessing = 0;
		};
		B7136C1A14686123005CE555 /* Sources */ = {
			isa = PBXSourcesBuildPhase;
			buildActionMask = 2147483647;
			files = (
				B7F9628819D3327B00B33E54 /* Tank.m in Sources */,
				B7F9628419D3327B00B33E54 /* _Tank.m in Sources */,
				B7F9628619D3327B00B33E54 /* Dive.m in Sources */,
				B7136C2E14686123005CE555 /* DiveLoggerTests.m in Sources */,
				B7F9628219D3327B00B33E54 /* _Dive.m in Sources */,
			);
			runOnlyForDeploymentPostprocessing = 0;
		};
/* End PBXSourcesBuildPhase section */

/* Begin PBXTargetDependency section */
		B7136C2514686123005CE555 /* PBXTargetDependency */ = {
			isa = PBXTargetDependency;
			target = B7136C0314686123005CE555 /* DiveLoggr */;
			targetProxy = B7136C2414686123005CE555 /* PBXContainerItemProxy */;
		};
/* End PBXTargetDependency section */

/* Begin PBXVariantGroup section */
		B7136C1114686123005CE555 /* InfoPlist.strings */ = {
			isa = PBXVariantGroup;
			children = (
				B7136C1214686123005CE555 /* en */,
			);
			name = InfoPlist.strings;
			sourceTree = "<group>";
		};
		B7136C2914686123005CE555 /* InfoPlist.strings */ = {
			isa = PBXVariantGroup;
			children = (
				B7136C2A14686123005CE555 /* en */,
			);
			name = InfoPlist.strings;
			sourceTree = "<group>";
		};
/* End PBXVariantGroup section */

/* Begin XCBuildConfiguration section */
		B7136C2F14686123005CE555 /* Debug */ = {
			isa = XCBuildConfiguration;
			buildSettings = {
				ALWAYS_SEARCH_USER_PATHS = NO;
				CLANG_ENABLE_OBJC_ARC = YES;
				CLANG_WARN_BOOL_CONVERSION = YES;
				CLANG_WARN_CONSTANT_CONVERSION = YES;
				CLANG_WARN_EMPTY_BODY = YES;
				CLANG_WARN_ENUM_CONVERSION = YES;
				CLANG_WARN_INT_CONVERSION = YES;
				CLANG_WARN_UNREACHABLE_CODE = YES;
				CLANG_WARN__DUPLICATE_METHOD_MATCH = YES;
				CODE_SIGN_IDENTITY = "iPhone Developer: Tejaswi Yerukalapudi (RDKM9UC3U5)";
				"CODE_SIGN_IDENTITY[sdk=iphoneos*]" = "iPhone Developer: Tejaswi Yerukalapudi (RDKM9UC3U5)";
				COPY_PHASE_STRIP = NO;
				ENABLE_STRICT_OBJC_MSGSEND = YES;
				GCC_C_LANGUAGE_STANDARD = gnu99;
				GCC_DYNAMIC_NO_PIC = NO;
				GCC_OPTIMIZATION_LEVEL = 0;
				GCC_PREPROCESSOR_DEFINITIONS = (
					"DEBUG=1",
					"$(inherited)",
				);
				GCC_SYMBOLS_PRIVATE_EXTERN = NO;
				GCC_VERSION = com.apple.compilers.llvm.clang.1_0;
				GCC_WARN_64_TO_32_BIT_CONVERSION = YES;
				GCC_WARN_ABOUT_MISSING_PROTOTYPES = YES;
				GCC_WARN_ABOUT_RETURN_TYPE = YES;
				GCC_WARN_UNDECLARED_SELECTOR = YES;
				GCC_WARN_UNINITIALIZED_AUTOS = YES;
				GCC_WARN_UNUSED_FUNCTION = YES;
				GCC_WARN_UNUSED_VARIABLE = YES;
				IPHONEOS_DEPLOYMENT_TARGET = 5.0;
				ONLY_ACTIVE_ARCH = YES;
				PROVISIONING_PROFILE = "93F20B7D-2493-43A4-AB7C-9734AEEB5C02";
				"PROVISIONING_PROFILE[sdk=iphoneos*]" = "93F20B7D-2493-43A4-AB7C-9734AEEB5C02";
				SDKROOT = iphoneos;
				TARGETED_DEVICE_FAMILY = "1,2";
			};
			name = Debug;
		};
		B7136C3014686123005CE555 /* Release */ = {
			isa = XCBuildConfiguration;
			buildSettings = {
				ALWAYS_SEARCH_USER_PATHS = NO;
				CLANG_ENABLE_OBJC_ARC = YES;
				CLANG_WARN_BOOL_CONVERSION = YES;
				CLANG_WARN_CONSTANT_CONVERSION = YES;
				CLANG_WARN_EMPTY_BODY = YES;
				CLANG_WARN_ENUM_CONVERSION = YES;
				CLANG_WARN_INT_CONVERSION = YES;
				CLANG_WARN_UNREACHABLE_CODE = YES;
				CLANG_WARN__DUPLICATE_METHOD_MATCH = YES;
				"CODE_SIGN_IDENTITY[sdk=iphoneos*]" = "";
				COPY_PHASE_STRIP = YES;
				ENABLE_STRICT_OBJC_MSGSEND = YES;
				GCC_C_LANGUAGE_STANDARD = gnu99;
				GCC_VERSION = com.apple.compilers.llvm.clang.1_0;
				GCC_WARN_64_TO_32_BIT_CONVERSION = YES;
				GCC_WARN_ABOUT_MISSING_PROTOTYPES = YES;
				GCC_WARN_ABOUT_RETURN_TYPE = YES;
				GCC_WARN_UNDECLARED_SELECTOR = YES;
				GCC_WARN_UNINITIALIZED_AUTOS = YES;
				GCC_WARN_UNUSED_FUNCTION = YES;
				GCC_WARN_UNUSED_VARIABLE = YES;
				IPHONEOS_DEPLOYMENT_TARGET = 5.0;
				OTHER_CFLAGS = "-DNS_BLOCK_ASSERTIONS=1";
				SDKROOT = iphoneos;
				TARGETED_DEVICE_FAMILY = "1,2";
				VALIDATE_PRODUCT = YES;
			};
			name = Release;
		};
		B7136C3214686123005CE555 /* Debug */ = {
			isa = XCBuildConfiguration;
			baseConfigurationReference = 65A35A4EAFF145978466961E /* Pods.xcconfig */;
			buildSettings = {
				ASSETCATALOG_COMPILER_APPICON_NAME = AppIcon;
				ASSETCATALOG_COMPILER_LAUNCHIMAGE_NAME = LaunchImage;
				CODE_SIGN_IDENTITY = "iPhone Developer: Tejaswi Yerukalapudi (RDKM9UC3U5)";
				"CODE_SIGN_IDENTITY[sdk=iphoneos*]" = "iPhone Developer: Tejaswi Yerukalapudi (RDKM9UC3U5)";
				FRAMEWORK_SEARCH_PATHS = "$(inherited)";
				GCC_PRECOMPILE_PREFIX_HEADER = YES;
				GCC_PREFIX_HEADER = "DiveLogger/DiveLogger-Prefix.pch";
				INFOPLIST_FILE = "DiveLogger/DiveLogger-Info.plist";
				IPHONEOS_DEPLOYMENT_TARGET = 7.0;
				PRODUCT_NAME = "$(TARGET_NAME)";
				PROVISIONING_PROFILE = "617846a2-f315-49d4-92fa-41da41e01ab0";
				"PROVISIONING_PROFILE[sdk=iphoneos*]" = "617846a2-f315-49d4-92fa-41da41e01ab0";
				TARGETED_DEVICE_FAMILY = "1,2";
				WRAPPER_EXTENSION = app;
			};
			name = Debug;
		};
		B7136C3314686123005CE555 /* Release */ = {
			isa = XCBuildConfiguration;
			baseConfigurationReference = 65A35A4EAFF145978466961E /* Pods.xcconfig */;
			buildSettings = {
				ASSETCATALOG_COMPILER_APPICON_NAME = AppIcon;
				ASSETCATALOG_COMPILER_LAUNCHIMAGE_NAME = LaunchImage;
				CODE_SIGN_IDENTITY = "iPhone Developer: Tejaswi Yerukalapudi (RDKM9UC3U5)";
				"CODE_SIGN_IDENTITY[sdk=iphoneos*]" = "iPhone Developer: Tejaswi Yerukalapudi (RDKM9UC3U5)";
				FRAMEWORK_SEARCH_PATHS = "$(inherited)";
				GCC_PRECOMPILE_PREFIX_HEADER = YES;
				GCC_PREFIX_HEADER = "DiveLogger/DiveLogger-Prefix.pch";
				INFOPLIST_FILE = "DiveLogger/DiveLogger-Info.plist";
				IPHONEOS_DEPLOYMENT_TARGET = 7.0;
				PRODUCT_NAME = "$(TARGET_NAME)";
				PROVISIONING_PROFILE = "617846a2-f315-49d4-92fa-41da41e01ab0";
				TARGETED_DEVICE_FAMILY = "1,2";
				WRAPPER_EXTENSION = app;
			};
			name = Release;
		};
		B7136C3514686123005CE555 /* Debug */ = {
			isa = XCBuildConfiguration;
			buildSettings = {
				BUNDLE_LOADER = "$(BUILT_PRODUCTS_DIR)/DiveLogger.app/DiveLogger";
				FRAMEWORK_SEARCH_PATHS = (
					"$(SDKROOT)/Developer/Library/Frameworks",
					"$(DEVELOPER_LIBRARY_DIR)/Frameworks",
				);
				GCC_PRECOMPILE_PREFIX_HEADER = YES;
				GCC_PREFIX_HEADER = "DiveLogger/DiveLogger-Prefix.pch";
				INFOPLIST_FILE = "DiveLoggerTests/DiveLoggerTests-Info.plist";
				IPHONEOS_DEPLOYMENT_TARGET = 7.0;
				LIBRARY_SEARCH_PATHS = (
					"$(inherited)",
					"$(PROJECT_DIR)/Pods/build/Debug-iphoneos",
				);
				PRODUCT_NAME = "$(TARGET_NAME)";
				TEST_HOST = "$(BUNDLE_LOADER)";
				WRAPPER_EXTENSION = octest;
			};
			name = Debug;
		};
		B7136C3614686123005CE555 /* Release */ = {
			isa = XCBuildConfiguration;
			buildSettings = {
				BUNDLE_LOADER = "$(BUILT_PRODUCTS_DIR)/DiveLogger.app/DiveLogger";
				FRAMEWORK_SEARCH_PATHS = (
					"$(SDKROOT)/Developer/Library/Frameworks",
					"$(DEVELOPER_LIBRARY_DIR)/Frameworks",
				);
				GCC_PRECOMPILE_PREFIX_HEADER = YES;
				GCC_PREFIX_HEADER = "DiveLogger/DiveLogger-Prefix.pch";
				INFOPLIST_FILE = "DiveLoggerTests/DiveLoggerTests-Info.plist";
				IPHONEOS_DEPLOYMENT_TARGET = 7.0;
				LIBRARY_SEARCH_PATHS = (
					"$(inherited)",
					"$(PROJECT_DIR)/Pods/build/Debug-iphoneos",
				);
				PRODUCT_NAME = "$(TARGET_NAME)";
				TEST_HOST = "$(BUNDLE_LOADER)";
				WRAPPER_EXTENSION = octest;
			};
			name = Release;
		};
/* End XCBuildConfiguration section */

/* Begin XCConfigurationList section */
		B7136BFE14686122005CE555 /* Build configuration list for PBXProject "DiveLogger" */ = {
			isa = XCConfigurationList;
			buildConfigurations = (
				B7136C2F14686123005CE555 /* Debug */,
				B7136C3014686123005CE555 /* Release */,
			);
			defaultConfigurationIsVisible = 0;
			defaultConfigurationName = Release;
		};
		B7136C3114686123005CE555 /* Build configuration list for PBXNativeTarget "DiveLoggr" */ = {
			isa = XCConfigurationList;
			buildConfigurations = (
				B7136C3214686123005CE555 /* Debug */,
				B7136C3314686123005CE555 /* Release */,
			);
			defaultConfigurationIsVisible = 0;
			defaultConfigurationName = Release;
		};
		B7136C3414686123005CE555 /* Build configuration list for PBXNativeTarget "DiveLoggerTests" */ = {
			isa = XCConfigurationList;
			buildConfigurations = (
				B7136C3514686123005CE555 /* Debug */,
				B7136C3614686123005CE555 /* Release */,
			);
			defaultConfigurationIsVisible = 0;
			defaultConfigurationName = Release;
		};
/* End XCConfigurationList section */
	};
	rootObject = B7136BFB14686122005CE555 /* Project object */;
}
